
Microsoft Visual Studio Solution File, Format Version 12.00
# Visual Studio Version 17
VisualStudioVersion = 17.7.34031.279
MinimumVisualStudioVersion = 10.0.40219.1
Project("{FAE04EC0-301F-11D3-BF4B-00C04F79EFBC}") = "Multiplication Table", "Multiplication Table\Multiplication Table.csproj", "{2BCB46B5-D07C-457D-AAB8-6E3094C2F9CE}"
EndProject
Project("{FAE04EC0-301F-11D3-BF4B-00C04F79EFBC}") = "ConsoleApp1", "ConsoleApp1\ConsoleApp1.csproj", "{6FC3988F-750D-43DD-96FB-FC01865AF118}"
EndProject
Project("{FAE04EC0-301F-11D3-BF4B-00C04F79EFBC}") = "Sudoku", "Sudoku\Sudoku.csproj", "{FB50B0C3-695B-4E10-8A08-C8AB0851A494}"
EndProject
Project("{FAE04EC0-301F-11D3-BF4B-00C04F79EFBC}") = "WpfApp1", "WpfApp1\WpfApp1.csproj", "{880BD8C7-61CA-464E-878E-806B5B95CDF7}"
EndProject
Project("{FAE04EC0-301F-11D3-BF4B-00C04F79EFBC}") = "ConsoleApp2", "ConsoleApp2\ConsoleApp2.csproj", "{EBA072A2-2D8F-42A9-A13F-4201E6116363}"
EndProject
Global
	GlobalSection(SolutionConfigurationPlatforms) = preSolution
		Debug|Any CPU = Debug|Any CPU
		Release|Any CPU = Release|Any CPU
	EndGlobalSection
	GlobalSection(ProjectConfigurationPlatforms) = postSolution
		{2BCB46B5-D07C-457D-AAB8-6E3094C2F9CE}.Debug|Any CPU.ActiveCfg = Debug|Any CPU
		{2BCB46B5-D07C-457D-AAB8-6E3094C2F9CE}.Debug|Any CPU.Build.0 = Debug|Any CPU
		{2BCB46B5-D07C-457D-AAB8-6E3094C2F9CE}.Release|Any CPU.ActiveCfg = Release|Any CPU
		{2BCB46B5-D07C-457D-AAB8-6E3094C2F9CE}.Release|Any CPU.Build.0 = Release|Any CPU
		{6FC3988F-750D-43DD-96FB-FC01865AF118}.Debug|Any CPU.ActiveCfg = Debug|Any CPU
		{6FC3988F-750D-43DD-96FB-FC01865AF118}.Debug|Any CPU.Build.0 = Debug|Any CPU
		{6FC3988F-750D-43DD-96FB-FC01865AF118}.Release|Any CPU.ActiveCfg = Release|Any CPU
		{6FC3988F-750D-43DD-96FB-FC01865AF118}.Release|Any CPU.Build.0 = Release|Any CPU
		{FB50B0C3-695B-4E10-8A08-C8AB0851A494}.Debug|Any CPU.ActiveCfg = Debug|Any CPU
		{FB50B0C3-695B-4E10-8A08-C8AB0851A494}.Debug|Any CPU.Build.0 = Debug|Any CPU
		{FB50B0C3-695B-4E10-8A08-C8AB0851A494}.Release|Any CPU.ActiveCfg = Release|Any CPU
		{FB50B0C3-695B-4E10-8A08-C8AB0851A494}.Release|Any CPU.Build.0 = Release|Any CPU
		{880BD8C7-61CA-464E-878E-806B5B95CDF7}.Debug|Any CPU.ActiveCfg = Debug|Any CPU
		{880BD8C7-61CA-464E-878E-806B5B95CDF7}.Debug|Any CPU.Build.0 = Debug|Any CPU
		{880BD8C7-61CA-464E-878E-806B5B95CDF7}.Release|Any CPU.ActiveCfg = Release|Any CPU
		{880BD8C7-61CA-464E-878E-806B5B95CDF7}.Release|Any CPU.Build.0 = Release|Any CPU
		{EBA072A2-2D8F-42A9-A13F-4201E6116363}.Debug|Any CPU.ActiveCfg = Debug|Any CPU
		{EBA072A2-2D8F-42A9-A13F-4201E6116363}.Debug|Any CPU.Build.0 = Debug|Any CPU
		{EBA072A2-2D8F-42A9-A13F-4201E6116363}.Release|Any CPU.ActiveCfg = Release|Any CPU
		{EBA072A2-2D8F-42A9-A13F-4201E6116363}.Release|Any CPU.Build.0 = Release|Any CPU
	EndGlobalSection
	GlobalSection(SolutionProperties) = preSolution
		HideSolutionNode = FALSE
	EndGlobalSection
	GlobalSection(ExtensibilityGlobals) = postSolution
		SolutionGuid = {B13CB2E2-734B-45B7-B020-A72823B6D1A0}
	EndGlobalSection
EndGlobal
